// !$*UTF8*$!
{
	archiveVersion = 1;
	classes = {
	};
	objectVersion = 46;
	objects = {

/* Begin PBXBuildFile section */
		D90F61E11DB11B0F008777EB /* BaseView.m in Sources */ = {isa = PBXBuildFile; fileRef = D90F61E01DB11B0F008777EB /* BaseView.m */; };
		D90F61E41DB11B1E008777EB /* ViewA.m in Sources */ = {isa = PBXBuildFile; fileRef = D90F61E31DB11B1E008777EB /* ViewA.m */; };
		D90F61E71DB11B27008777EB /* ViewB.m in Sources */ = {isa = PBXBuildFile; fileRef = D90F61E61DB11B27008777EB /* ViewB.m */; };
		D90F61EA1DB1F7E5008777EB /* MainController.m in Sources */ = {isa = PBXBuildFile; fileRef = D90F61E91DB1F7E5008777EB /* MainController.m */; };
		D90F61ED1DB1FB26008777EB /* BaseUseController.m in Sources */ = {isa = PBXBuildFile; fileRef = D90F61EC1DB1FB26008777EB /* BaseUseController.m */; };
		D90F61F01DB1FF2F008777EB /* TargetActionVc.m in Sources */ = {isa = PBXBuildFile; fileRef = D90F61EF1DB1FF2F008777EB /* TargetActionVc.m */; };
		D91F15A81DA6A02400B7926E /* main.m in Sources */ = {isa = PBXBuildFile; fileRef = D91F15A71DA6A02400B7926E /* main.m */; };
		D91F15AB1DA6A02400B7926E /* AppDelegate.m in Sources */ = {isa = PBXBuildFile; fileRef = D91F15AA1DA6A02400B7926E /* AppDelegate.m */; };
		D91F15AE1DA6A02400B7926E /* ViewController.m in Sources */ = {isa = PBXBuildFile; fileRef = D91F15AD1DA6A02400B7926E /* ViewController.m */; };
		D91F15B31DA6A02400B7926E /* Assets.xcassets in Resources */ = {isa = PBXBuildFile; fileRef = D91F15B21DA6A02400B7926E /* Assets.xcassets */; };
		D91F15B61DA6A02400B7926E /* LaunchScreen.storyboard in Resources */ = {isa = PBXBuildFile; fileRef = D91F15B41DA6A02400B7926E /* LaunchScreen.storyboard */; };
		D91F15C11DA6A02400B7926E /* TestRACTests.m in Sources */ = {isa = PBXBuildFile; fileRef = D91F15C01DA6A02400B7926E /* TestRACTests.m */; };
		D91F15CC1DA6A02400B7926E /* TestRACUITests.m in Sources */ = {isa = PBXBuildFile; fileRef = D91F15CB1DA6A02400B7926E /* TestRACUITests.m */; };
		D91F15DB1DA6AD2300B7926E /* OneController.m in Sources */ = {isa = PBXBuildFile; fileRef = D91F15DA1DA6AD2300B7926E /* OneController.m */; };
		D9580E1D1DA8F68300E9B8DA /* Data.plist in Resources */ = {isa = PBXBuildFile; fileRef = D9580E1C1DA8F68300E9B8DA /* Data.plist */; };
		D9C2A7BE1DB1199F0042CC8D /* UIKit.framework in Frameworks */ = {isa = PBXBuildFile; fileRef = D9C2A7BD1DB1199F0042CC8D /* UIKit.framework */; };
		D9C2A7C01DB119A80042CC8D /* Foundation.framework in Frameworks */ = {isa = PBXBuildFile; fileRef = D9C2A7BF1DB119A80042CC8D /* Foundation.framework */; };
		FCEBB598D3CF98DC928D1F02 /* libPods-TestRAC.a in Frameworks */ = {isa = PBXBuildFile; fileRef = 9BCC6B4DE58E3DF2CFEF3F99 /* libPods-TestRAC.a */; };
/* End PBXBuildFile section */

/* Begin PBXContainerItemProxy section */
		D91F15BD1DA6A02400B7926E /* PBXContainerItemProxy */ = {
			isa = PBXContainerItemProxy;
			containerPortal = D91F159B1DA6A02400B7926E /* Project object */;
			proxyType = 1;
			remoteGlobalIDString = D91F15A21DA6A02400B7926E;
			remoteInfo = TestRAC;
		};
		D91F15C81DA6A02400B7926E /* PBXContainerItemProxy */ = {
			isa = PBXContainerItemProxy;
			containerPortal = D91F159B1DA6A02400B7926E /* Project object */;
			proxyType = 1;
			remoteGlobalIDString = D91F15A21DA6A02400B7926E;
			remoteInfo = TestRAC;
		};
/* End PBXContainerItemProxy section */

/* Begin PBXFileReference section */
		2B187CF01A6A40F6B442AC66 /* Pods-TestRAC.debug.xcconfig */ = {isa = PBXFileReference; includeInIndex = 1; lastKnownFileType = text.xcconfig; name = "Pods-TestRAC.debug.xcconfig"; path = "Pods/Target Support Files/Pods-TestRAC/Pods-TestRAC.debug.xcconfig"; sourceTree = "<group>"; };
		8736EC013FEC293A0ED8E2FC /* Pods-TestRAC.release.xcconfig */ = {isa = PBXFileReference; includeInIndex = 1; lastKnownFileType = text.xcconfig; name = "Pods-TestRAC.release.xcconfig"; path = "Pods/Target Support Files/Pods-TestRAC/Pods-TestRAC.release.xcconfig"; sourceTree = "<group>"; };
		9BCC6B4DE58E3DF2CFEF3F99 /* libPods-TestRAC.a */ = {isa = PBXFileReference; explicitFileType = archive.ar; includeInIndex = 0; path = "libPods-TestRAC.a"; sourceTree = BUILT_PRODUCTS_DIR; };
		D90F61DF1DB11B0F008777EB /* BaseView.h */ = {isa = PBXFileReference; fileEncoding = 4; lastKnownFileType = sourcecode.c.h; path = BaseView.h; sourceTree = "<group>"; };
		D90F61E01DB11B0F008777EB /* BaseView.m */ = {isa = PBXFileReference; fileEncoding = 4; lastKnownFileType = sourcecode.c.objc; path = BaseView.m; sourceTree = "<group>"; };
		D90F61E21DB11B1E008777EB /* ViewA.h */ = {isa = PBXFileReference; fileEncoding = 4; lastKnownFileType = sourcecode.c.h; path = ViewA.h; sourceTree = "<group>"; };
		D90F61E31DB11B1E008777EB /* ViewA.m */ = {isa = PBXFileReference; fileEncoding = 4; lastKnownFileType = sourcecode.c.objc; path = ViewA.m; sourceTree = "<group>"; };
		D90F61E51DB11B27008777EB /* ViewB.h */ = {isa = PBXFileReference; fileEncoding = 4; lastKnownFileType = sourcecode.c.h; path = ViewB.h; sourceTree = "<group>"; };
		D90F61E61DB11B27008777EB /* ViewB.m */ = {isa = PBXFileReference; fileEncoding = 4; lastKnownFileType = sourcecode.c.objc; path = ViewB.m; sourceTree = "<group>"; };
		D90F61E81DB1F7E5008777EB /* MainController.h */ = {isa = PBXFileReference; fileEncoding = 4; lastKnownFileType = sourcecode.c.h; path = MainController.h; sourceTree = "<group>"; };
		D90F61E91DB1F7E5008777EB /* MainController.m */ = {isa = PBXFileReference; fileEncoding = 4; lastKnownFileType = sourcecode.c.objc; path = MainController.m; sourceTree = "<group>"; };
		D90F61EB1DB1FB26008777EB /* BaseUseController.h */ = {isa = PBXFileReference; fileEncoding = 4; lastKnownFileType = sourcecode.c.h; path = BaseUseController.h; sourceTree = "<group>"; };
		D90F61EC1DB1FB26008777EB /* BaseUseController.m */ = {isa = PBXFileReference; fileEncoding = 4; lastKnownFileType = sourcecode.c.objc; path = BaseUseController.m; sourceTree = "<group>"; };
		D90F61EE1DB1FF2F008777EB /* TargetActionVc.h */ = {isa = PBXFileReference; fileEncoding = 4; lastKnownFileType = sourcecode.c.h; path = TargetActionVc.h; sourceTree = "<group>"; };
		D90F61EF1DB1FF2F008777EB /* TargetActionVc.m */ = {isa = PBXFileReference; fileEncoding = 4; lastKnownFileType = sourcecode.c.objc; path = TargetActionVc.m; sourceTree = "<group>"; };
		D91F15A31DA6A02400B7926E /* TestRAC.app */ = {isa = PBXFileReference; explicitFileType = wrapper.application; includeInIndex = 0; path = TestRAC.app; sourceTree = BUILT_PRODUCTS_DIR; };
		D91F15A71DA6A02400B7926E /* main.m */ = {isa = PBXFileReference; lastKnownFileType = sourcecode.c.objc; path = main.m; sourceTree = "<group>"; };
		D91F15A91DA6A02400B7926E /* AppDelegate.h */ = {isa = PBXFileReference; lastKnownFileType = sourcecode.c.h; path = AppDelegate.h; sourceTree = "<group>"; };
		D91F15AA1DA6A02400B7926E /* AppDelegate.m */ = {isa = PBXFileReference; lastKnownFileType = sourcecode.c.objc; path = AppDelegate.m; sourceTree = "<group>"; };
		D91F15AC1DA6A02400B7926E /* ViewController.h */ = {isa = PBXFileReference; lastKnownFileType = sourcecode.c.h; path = ViewController.h; sourceTree = "<group>"; };
		D91F15AD1DA6A02400B7926E /* ViewController.m */ = {isa = PBXFileReference; lastKnownFileType = sourcecode.c.objc; path = ViewController.m; sourceTree = "<group>"; };
		D91F15B21DA6A02400B7926E /* Assets.xcassets */ = {isa = PBXFileReference; lastKnownFileType = folder.assetcatalog; path = Assets.xcassets; sourceTree = "<group>"; };
		D91F15B51DA6A02400B7926E /* Base */ = {isa = PBXFileReference; lastKnownFileType = file.storyboard; name = Base; path = Base.lproj/LaunchScreen.storyboard; sourceTree = "<group>"; };
		D91F15B71DA6A02400B7926E /* Info.plist */ = {isa = PBXFileReference; lastKnownFileType = text.plist.xml; path = Info.plist; sourceTree = "<group>"; };
		D91F15BC1DA6A02400B7926E /* TestRACTests.xctest */ = {isa = PBXFileReference; explicitFileType = wrapper.cfbundle; includeInIndex = 0; path = TestRACTests.xctest; sourceTree = BUILT_PRODUCTS_DIR; };
		D91F15C01DA6A02400B7926E /* TestRACTests.m */ = {isa = PBXFileReference; lastKnownFileType = sourcecode.c.objc; path = TestRACTests.m; sourceTree = "<group>"; };
		D91F15C21DA6A02400B7926E /* Info.plist */ = {isa = PBXFileReference; lastKnownFileType = text.plist.xml; path = Info.plist; sourceTree = "<group>"; };
		D91F15C71DA6A02400B7926E /* TestRACUITests.xctest */ = {isa = PBXFileReference; explicitFileType = wrapper.cfbundle; includeInIndex = 0; path = TestRACUITests.xctest; sourceTree = BUILT_PRODUCTS_DIR; };
		D91F15CB1DA6A02400B7926E /* TestRACUITests.m */ = {isa = PBXFileReference; lastKnownFileType = sourcecode.c.objc; path = TestRACUITests.m; sourceTree = "<group>"; };
		D91F15CD1DA6A02400B7926E /* Info.plist */ = {isa = PBXFileReference; lastKnownFileType = text.plist.xml; path = Info.plist; sourceTree = "<group>"; };
		D91F15D91DA6AD2300B7926E /* OneController.h */ = {isa = PBXFileReference; fileEncoding = 4; lastKnownFileType = sourcecode.c.h; path = OneController.h; sourceTree = "<group>"; };
		D91F15DA1DA6AD2300B7926E /* OneController.m */ = {isa = PBXFileReference; fileEncoding = 4; lastKnownFileType = sourcecode.c.objc; path = OneController.m; sourceTree = "<group>"; };
		D9580E1C1DA8F68300E9B8DA /* Data.plist */ = {isa = PBXFileReference; fileEncoding = 4; lastKnownFileType = text.plist.xml; path = Data.plist; sourceTree = "<group>"; };
		D9C2A7BC1DB118700042CC8D /* TestRac.pch */ = {isa = PBXFileReference; lastKnownFileType = sourcecode.c.h; path = TestRac.pch; sourceTree = "<group>"; };
		D9C2A7BD1DB1199F0042CC8D /* UIKit.framework */ = {isa = PBXFileReference; lastKnownFileType = wrapper.framework; name = UIKit.framework; path = System/Library/Frameworks/UIKit.framework; sourceTree = SDKROOT; };
		D9C2A7BF1DB119A80042CC8D /* Foundation.framework */ = {isa = PBXFileReference; lastKnownFileType = wrapper.framework; name = Foundation.framework; path = System/Library/Frameworks/Foundation.framework; sourceTree = SDKROOT; };
/* End PBXFileReference section */

/* Begin PBXFrameworksBuildPhase section */
		D91F15A01DA6A02400B7926E /* Frameworks */ = {
			isa = PBXFrameworksBuildPhase;
			buildActionMask = 2147483647;
			files = (
				D9C2A7C01DB119A80042CC8D /* Foundation.framework in Frameworks */,
				D9C2A7BE1DB1199F0042CC8D /* UIKit.framework in Frameworks */,
				FCEBB598D3CF98DC928D1F02 /* libPods-TestRAC.a in Frameworks */,
			);
			runOnlyForDeploymentPostprocessing = 0;
		};
		D91F15B91DA6A02400B7926E /* Frameworks */ = {
			isa = PBXFrameworksBuildPhase;
			buildActionMask = 2147483647;
			files = (
			);
			runOnlyForDeploymentPostprocessing = 0;
		};
		D91F15C41DA6A02400B7926E /* Frameworks */ = {
			isa = PBXFrameworksBuildPhase;
			buildActionMask = 2147483647;
			files = (
			);
			runOnlyForDeploymentPostprocessing = 0;
		};
/* End PBXFrameworksBuildPhase section */

/* Begin PBXGroup section */
		6C1EB3718D59A045F3F3EA19 /* Pods */ = {
			isa = PBXGroup;
			children = (
				2B187CF01A6A40F6B442AC66 /* Pods-TestRAC.debug.xcconfig */,
				8736EC013FEC293A0ED8E2FC /* Pods-TestRAC.release.xcconfig */,
			);
			name = Pods;
			sourceTree = "<group>";
		};
		BCA0275E44E24F68D0FC34D1 /* Frameworks */ = {
			isa = PBXGroup;
			children = (
				D9C2A7BF1DB119A80042CC8D /* Foundation.framework */,
				D9C2A7BD1DB1199F0042CC8D /* UIKit.framework */,
				9BCC6B4DE58E3DF2CFEF3F99 /* libPods-TestRAC.a */,
			);
			name = Frameworks;
			sourceTree = "<group>";
		};
		D91F159A1DA6A02400B7926E = {
			isa = PBXGroup;
			children = (
				D91F15A51DA6A02400B7926E /* TestRAC */,
				D91F15BF1DA6A02400B7926E /* TestRACTests */,
				D91F15CA1DA6A02400B7926E /* TestRACUITests */,
				D91F15A41DA6A02400B7926E /* Products */,
				6C1EB3718D59A045F3F3EA19 /* Pods */,
				BCA0275E44E24F68D0FC34D1 /* Frameworks */,
			);
			sourceTree = "<group>";
		};
		D91F15A41DA6A02400B7926E /* Products */ = {
			isa = PBXGroup;
			children = (
				D91F15A31DA6A02400B7926E /* TestRAC.app */,
				D91F15BC1DA6A02400B7926E /* TestRACTests.xctest */,
				D91F15C71DA6A02400B7926E /* TestRACUITests.xctest */,
			);
			name = Products;
			sourceTree = "<group>";
		};
		D91F15A51DA6A02400B7926E /* TestRAC */ = {
			isa = PBXGroup;
			children = (
				D91F15A91DA6A02400B7926E /* AppDelegate.h */,
				D91F15AA1DA6A02400B7926E /* AppDelegate.m */,
				D90F61E81DB1F7E5008777EB /* MainController.h */,
				D90F61E91DB1F7E5008777EB /* MainController.m */,
				D90F61EB1DB1FB26008777EB /* BaseUseController.h */,
				D90F61EC1DB1FB26008777EB /* BaseUseController.m */,
				D90F61EE1DB1FF2F008777EB /* TargetActionVc.h */,
				D90F61EF1DB1FF2F008777EB /* TargetActionVc.m */,
				D91F15AC1DA6A02400B7926E /* ViewController.h */,
				D91F15AD1DA6A02400B7926E /* ViewController.m */,
				D91F15D91DA6AD2300B7926E /* OneController.h */,
				D91F15DA1DA6AD2300B7926E /* OneController.m */,
				D90F61DF1DB11B0F008777EB /* BaseView.h */,
				D90F61E01DB11B0F008777EB /* BaseView.m */,
				D90F61E21DB11B1E008777EB /* ViewA.h */,
				D90F61E31DB11B1E008777EB /* ViewA.m */,
				D90F61E51DB11B27008777EB /* ViewB.h */,
				D90F61E61DB11B27008777EB /* ViewB.m */,
				D91F15B21DA6A02400B7926E /* Assets.xcassets */,
				D91F15B41DA6A02400B7926E /* LaunchScreen.storyboard */,
				D9580E1C1DA8F68300E9B8DA /* Data.plist */,
				D91F15B71DA6A02400B7926E /* Info.plist */,
				D91F15A61DA6A02400B7926E /* Supporting Files */,
				D9C2A7BC1DB118700042CC8D /* TestRac.pch */,
			);
			path = TestRAC;
			sourceTree = "<group>";
		};
		D91F15A61DA6A02400B7926E /* Supporting Files */ = {
			isa = PBXGroup;
			children = (
				D91F15A71DA6A02400B7926E /* main.m */,
			);
			name = "Supporting Files";
			sourceTree = "<group>";
		};
		D91F15BF1DA6A02400B7926E /* TestRACTests */ = {
			isa = PBXGroup;
			children = (
				D91F15C01DA6A02400B7926E /* TestRACTests.m */,
				D91F15C21DA6A02400B7926E /* Info.plist */,
			);
			path = TestRACTests;
			sourceTree = "<group>";
		};
		D91F15CA1DA6A02400B7926E /* TestRACUITests */ = {
			isa = PBXGroup;
			children = (
				D91F15CB1DA6A02400B7926E /* TestRACUITests.m */,
				D91F15CD1DA6A02400B7926E /* Info.plist */,
			);
			path = TestRACUITests;
			sourceTree = "<group>";
		};
/* End PBXGroup section */

/* Begin PBXNativeTarget section */
		D91F15A21DA6A02400B7926E /* TestRAC */ = {
			isa = PBXNativeTarget;
			buildConfigurationList = D91F15D01DA6A02400B7926E /* Build configuration list for PBXNativeTarget "TestRAC" */;
			buildPhases = (
				5FB704A3666D7C9CDE252A29 /* [CP] Check Pods Manifest.lock */,
				D91F159F1DA6A02400B7926E /* Sources */,
				D91F15A01DA6A02400B7926E /* Frameworks */,
				D91F15A11DA6A02400B7926E /* Resources */,
				DB702A86DA48FC672B7DCACC /* [CP] Embed Pods Frameworks */,
				06146DDDBC460886160FC8F9 /* [CP] Copy Pods Resources */,
			);
			buildRules = (
			);
			dependencies = (
			);
			name = TestRAC;
			productName = TestRAC;
			productReference = D91F15A31DA6A02400B7926E /* TestRAC.app */;
			productType = "com.apple.product-type.application";
		};
		D91F15BB1DA6A02400B7926E /* TestRACTests */ = {
			isa = PBXNativeTarget;
			buildConfigurationList = D91F15D31DA6A02400B7926E /* Build configuration list for PBXNativeTarget "TestRACTests" */;
			buildPhases = (
				D91F15B81DA6A02400B7926E /* Sources */,
				D91F15B91DA6A02400B7926E /* Frameworks */,
				D91F15BA1DA6A02400B7926E /* Resources */,
			);
			buildRules = (
			);
			dependencies = (
				D91F15BE1DA6A02400B7926E /* PBXTargetDependency */,
			);
			name = TestRACTests;
			productName = TestRACTests;
			productReference = D91F15BC1DA6A02400B7926E /* TestRACTests.xctest */;
			productType = "com.apple.product-type.bundle.unit-test";
		};
		D91F15C61DA6A02400B7926E /* TestRACUITests */ = {
			isa = PBXNativeTarget;
			buildConfigurationList = D91F15D61DA6A02400B7926E /* Build configuration list for PBXNativeTarget "TestRACUITests" */;
			buildPhases = (
				D91F15C31DA6A02400B7926E /* Sources */,
				D91F15C41DA6A02400B7926E /* Frameworks */,
				D91F15C51DA6A02400B7926E /* Resources */,
			);
			buildRules = (
			);
			dependencies = (
				D91F15C91DA6A02400B7926E /* PBXTargetDependency */,
			);
			name = TestRACUITests;
			productName = TestRACUITests;
			productReference = D91F15C71DA6A02400B7926E /* TestRACUITests.xctest */;
			productType = "com.apple.product-type.bundle.ui-testing";
		};
/* End PBXNativeTarget section */

/* Begin PBXProject section */
		D91F159B1DA6A02400B7926E /* Project object */ = {
			isa = PBXProject;
			attributes = {
				LastUpgradeCheck = 0730;
				ORGANIZATIONNAME = Zhanqi;
				TargetAttributes = {
					D91F15A21DA6A02400B7926E = {
						CreatedOnToolsVersion = 7.3.1;
					};
					D91F15BB1DA6A02400B7926E = {
						CreatedOnToolsVersion = 7.3.1;
						TestTargetID = D91F15A21DA6A02400B7926E;
					};
					D91F15C61DA6A02400B7926E = {
						CreatedOnToolsVersion = 7.3.1;
						TestTargetID = D91F15A21DA6A02400B7926E;
					};
				};
			};
			buildConfigurationList = D91F159E1DA6A02400B7926E /* Build configuration list for PBXProject "TestRAC" */;
			compatibilityVersion = "Xcode 3.2";
			developmentRegion = English;
			hasScannedForEncodings = 0;
			knownRegions = (
				en,
				Base,
			);
			mainGroup = D91F159A1DA6A02400B7926E;
			productRefGroup = D91F15A41DA6A02400B7926E /* Products */;
			projectDirPath = "";
			projectRoot = "";
			targets = (
				D91F15A21DA6A02400B7926E /* TestRAC */,
				D91F15BB1DA6A02400B7926E /* TestRACTests */,
				D91F15C61DA6A02400B7926E /* TestRACUITests */,
			);
		};
/* End PBXProject section */

/* Begin PBXResourcesBuildPhase section */
		D91F15A11DA6A02400B7926E /* Resources */ = {
			isa = PBXResourcesBuildPhase;
			buildActionMask = 2147483647;
			files = (
				D91F15B61DA6A02400B7926E /* LaunchScreen.storyboard in Resources */,
				D91F15B31DA6A02400B7926E /* Assets.xcassets in Resources */,
				D9580E1D1DA8F68300E9B8DA /* Data.plist in Resources */,
			);
			runOnlyForDeploymentPostprocessing = 0;
		};
		D91F15BA1DA6A02400B7926E /* Resources */ = {
			isa = PBXResourcesBuildPhase;
			buildActionMask = 2147483647;
			files = (
			);
			runOnlyForDeploymentPostprocessing = 0;
		};
		D91F15C51DA6A02400B7926E /* Resources */ = {
			isa = PBXResourcesBuildPhase;
			buildActionMask = 2147483647;
			files = (
			);
			runOnlyForDeploymentPostprocessing = 0;
		};
/* End PBXResourcesBuildPhase section */

/* Begin PBXShellScriptBuildPhase section */
		06146DDDBC460886160FC8F9 /* [CP] Copy Pods Resources */ = {
			isa = PBXShellScriptBuildPhase;
			buildActionMask = 2147483647;
			files = (
			);
			inputPaths = (
			);
			name = "[CP] Copy Pods Resources";
			outputPaths = (
			);
			runOnlyForDeploymentPostprocessing = 0;
			shellPath = /bin/sh;
			shellScript = "\"${SRCROOT}/Pods/Target Support Files/Pods-TestRAC/Pods-TestRAC-resources.sh\"\n";
			showEnvVarsInLog = 0;
		};
		5FB704A3666D7C9CDE252A29 /* [CP] Check Pods Manifest.lock */ = {
			isa = PBXShellScriptBuildPhase;
			buildActionMask = 2147483647;
			files = (
			);
			inputPaths = (
			);
			name = "[CP] Check Pods Manifest.lock";
			outputPaths = (
			);
			runOnlyForDeploymentPostprocessing = 0;
			shellPath = /bin/sh;
			shellScript = "diff \"${PODS_ROOT}/../Podfile.lock\" \"${PODS_ROOT}/Manifest.lock\" > /dev/null\nif [ $? != 0 ] ; then\n    # print error to STDERR\n    echo \"error: The sandbox is not in sync with the Podfile.lock. Run 'pod install' or update your CocoaPods installation.\" >&2\n    exit 1\nfi\n";
			showEnvVarsInLog = 0;
		};
		DB702A86DA48FC672B7DCACC /* [CP] Embed Pods Frameworks */ = {
			isa = PBXShellScriptBuildPhase;
			buildActionMask = 2147483647;
			files = (
			);
			inputPaths = (
			);
			name = "[CP] Embed Pods Frameworks";
			outputPaths = (
			);
			runOnlyForDeploymentPostprocessing = 0;
			shellPath = /bin/sh;
			shellScript = "\"${SRCROOT}/Pods/Target Support Files/Pods-TestRAC/Pods-TestRAC-frameworks.sh\"\n";
			showEnvVarsInLog = 0;
		};
/* End PBXShellScriptBuildPhase section */

/* Begin PBXSourcesBuildPhase section */
		D91F159F1DA6A02400B7926E /* Sources */ = {
			isa = PBXSourcesBuildPhase;
			buildActionMask = 2147483647;
			files = (
				D90F61E41DB11B1E008777EB /* ViewA.m in Sources */,
				D90F61F01DB1FF2F008777EB /* TargetActionVc.m in Sources */,
				D91F15DB1DA6AD2300B7926E /* OneController.m in Sources */,
				D90F61ED1DB1FB26008777EB /* BaseUseController.m in Sources */,
				D91F15AE1DA6A02400B7926E /* ViewController.m in Sources */,
				D90F61E11DB11B0F008777EB /* BaseView.m in Sources */,
				D90F61EA1DB1F7E5008777EB /* MainController.m in Sources */,
				D91F15AB1DA6A02400B7926E /* AppDelegate.m in Sources */,
				D91F15A81DA6A02400B7926E /* main.m in Sources */,
				D90F61E71DB11B27008777EB /* ViewB.m in Sources */,
			);
			runOnlyForDeploymentPostprocessing = 0;
		};
		D91F15B81DA6A02400B7926E /* Sources */ = {
			isa = PBXSourcesBuildPhase;
			buildActionMask = 2147483647;
			files = (
				D91F15C11DA6A02400B7926E /* TestRACTests.m in Sources */,
			);
			runOnlyForDeploymentPostprocessing = 0;
		};
		D91F15C31DA6A02400B7926E /* Sources */ = {
			isa = PBXSourcesBuildPhase;
			buildActionMask = 2147483647;
			files = (
				D91F15CC1DA6A02400B7926E /* TestRACUITests.m in Sources */,
			);
			runOnlyForDeploymentPostprocessing = 0;
		};
/* End PBXSourcesBuildPhase section */

/* Begin PBXTargetDependency section */
		D91F15BE1DA6A02400B7926E /* PBXTargetDependency */ = {
			isa = PBXTargetDependency;
			target = D91F15A21DA6A02400B7926E /* TestRAC */;
			targetProxy = D91F15BD1DA6A02400B7926E /* PBXContainerItemProxy */;
		};
		D91F15C91DA6A02400B7926E /* PBXTargetDependency */ = {
			isa = PBXTargetDependency;
			target = D91F15A21DA6A02400B7926E /* TestRAC */;
			targetProxy = D91F15C81DA6A02400B7926E /* PBXContainerItemProxy */;
		};
/* End PBXTargetDependency section */

/* Begin PBXVariantGroup section */
		D91F15B41DA6A02400B7926E /* LaunchScreen.storyboard */ = {
			isa = PBXVariantGroup;
			children = (
				D91F15B51DA6A02400B7926E /* Base */,
			);
			name = LaunchScreen.storyboard;
			sourceTree = "<group>";
		};
/* End PBXVariantGroup section */

/* Begin XCBuildConfiguration section */
		D91F15CE1DA6A02400B7926E /* Debug */ = {
			isa = XCBuildConfiguration;
			buildSettings = {
				ALWAYS_SEARCH_USER_PATHS = NO;
				CLANG_ANALYZER_NONNULL = YES;
				CLANG_CXX_LANGUAGE_STANDARD = "gnu++0x";
				CLANG_CXX_LIBRARY = "libc++";
				CLANG_ENABLE_MODULES = YES;
				CLANG_ENABLE_OBJC_ARC = YES;
				CLANG_WARN_BOOL_CONVERSION = YES;
				CLANG_WARN_CONSTANT_CONVERSION = YES;
				CLANG_WARN_DIRECT_OBJC_ISA_USAGE = YES_ERROR;
				CLANG_WARN_EMPTY_BODY = YES;
				CLANG_WARN_ENUM_CONVERSION = YES;
				CLANG_WARN_INT_CONVERSION = YES;
				CLANG_WARN_OBJC_ROOT_CLASS = YES_ERROR;
				CLANG_WARN_UNREACHABLE_CODE = YES;
				CLANG_WARN__DUPLICATE_METHOD_MATCH = YES;
				"CODE_SIGN_IDENTITY[sdk=iphoneos*]" = "iPhone Developer";
				COPY_PHASE_STRIP = NO;
				DEBUG_INFORMATION_FORMAT = dwarf;
				ENABLE_STRICT_OBJC_MSGSEND = YES;
				ENABLE_TESTABILITY = YES;
				GCC_C_LANGUAGE_STANDARD = gnu99;
				GCC_DYNAMIC_NO_PIC = NO;
				GCC_NO_COMMON_BLOCKS = YES;
				GCC_OPTIMIZATION_LEVEL = 0;
				GCC_PREPROCESSOR_DEFINITIONS = (
					"DEBUG=1",
					"$(inherited)",
				);
				GCC_WARN_64_TO_32_BIT_CONVERSION = YES;
				GCC_WARN_ABOUT_RETURN_TYPE = YES_ERROR;
				GCC_WARN_UNDECLARED_SELECTOR = YES;
				GCC_WARN_UNINITIALIZED_AUTOS = YES_AGGRESSIVE;
				GCC_WARN_UNUSED_FUNCTION = YES;
				GCC_WARN_UNUSED_VARIABLE = YES;
				IPHONEOS_DEPLOYMENT_TARGET = 9.3;
				MTL_ENABLE_DEBUG_INFO = YES;
				ONLY_ACTIVE_ARCH = YES;
				SDKROOT = iphoneos;
				TARGETED_DEVICE_FAMILY = "1,2";
			};
			name = Debug;
		};
		D91F15CF1DA6A02400B7926E /* Release */ = {
			isa = XCBuildConfiguration;
			buildSettings = {
				ALWAYS_SEARCH_USER_PATHS = NO;
				CLANG_ANALYZER_NONNULL = YES;
				CLANG_CXX_LANGUAGE_STANDARD = "gnu++0x";
				CLANG_CXX_LIBRARY = "libc++";
				CLANG_ENABLE_MODULES = YES;
				CLANG_ENABLE_OBJC_ARC = YES;
				CLANG_WARN_BOOL_CONVERSION = YES;
				CLANG_WARN_CONSTANT_CONVERSION = YES;
				CLANG_WARN_DIRECT_OBJC_ISA_USAGE = YES_ERROR;
				CLANG_WARN_EMPTY_BODY = YES;
				CLANG_WARN_ENUM_CONVERSION = YES;
				CLANG_WARN_INT_CONVERSION = YES;
				CLANG_WARN_OBJC_ROOT_CLASS = YES_ERROR;
				CLANG_WARN_UNREACHABLE_CODE = YES;
				CLANG_WARN__DUPLICATE_METHOD_MATCH = YES;
				"CODE_SIGN_IDENTITY[sdk=iphoneos*]" = "iPhone Developer";
				COPY_PHASE_STRIP = NO;
				DEBUG_INFORMATION_FORMAT = "dwarf-with-dsym";
				ENABLE_NS_ASSERTIONS = NO;
				ENABLE_STRICT_OBJC_MSGSEND = YES;
				GCC_C_LANGUAGE_STANDARD = gnu99;
				GCC_NO_COMMON_BLOCKS = YES;
				GCC_WARN_64_TO_32_BIT_CONVERSION = YES;
				GCC_WARN_ABOUT_RETURN_TYPE = YES_ERROR;
				GCC_WARN_UNDECLARED_SELECTOR = YES;
				GCC_WARN_UNINITIALIZED_AUTOS = YES_AGGRESSIVE;
				GCC_WARN_UNUSED_FUNCTION = YES;
				GCC_WARN_UNUSED_VARIABLE = YES;
				IPHONEOS_DEPLOYMENT_TARGET = 9.3;
				MTL_ENABLE_DEBUG_INFO = NO;
				SDKROOT = iphoneos;
				TARGETED_DEVICE_FAMILY = "1,2";
				VALIDATE_PRODUCT = YES;
			};
			name = Release;
		};
		D91F15D11DA6A02400B7926E /* Debug */ = {
			isa = XCBuildConfiguration;
			baseConfigurationReference = 2B187CF01A6A40F6B442AC66 /* Pods-TestRAC.debug.xcconfig */;
			buildSettings = {
				ASSETCATALOG_COMPILER_APPICON_NAME = AppIcon;
				GCC_PREFIX_HEADER = TestRac/TestRac.pch;
				INFOPLIST_FILE = TestRAC/Info.plist;
				IPHONEOS_DEPLOYMENT_TARGET = 9.3;
				LD_RUNPATH_SEARCH_PATHS = "$(inherited) @executable_path/Frameworks";
				PRODUCT_BUNDLE_IDENTIFIER = com.gameabc.zq.TestRAC;
				PRODUCT_NAME = "$(TARGET_NAME)";
			};
			name = Debug;
		};
		D91F15D21DA6A02400B7926E /* Release */ = {
			isa = XCBuildConfiguration;
			baseConfigurationReference = 8736EC013FEC293A0ED8E2FC /* Pods-TestRAC.release.xcconfig */;
			buildSettings = {
				ASSETCATALOG_COMPILER_APPICON_NAME = AppIcon;
				GCC_PREFIX_HEADER = TestRac/TestRac.pch;
				INFOPLIST_FILE = TestRAC/Info.plist;
				IPHONEOS_DEPLOYMENT_TARGET = 9.3;
				LD_RUNPATH_SEARCH_PATHS = "$(inherited) @executable_path/Frameworks";
				PRODUCT_BUNDLE_IDENTIFIER = com.gameabc.zq.TestRAC;
				PRODUCT_NAME = "$(TARGET_NAME)";
			};
			name = Release;
		};
		D91F15D41DA6A02400B7926E /* Debug */ = {
			isa = XCBuildConfiguration;
			buildSettings = {
				BUNDLE_LOADER = "$(TEST_HOST)";
				INFOPLIST_FILE = TestRACTests/Info.plist;
				LD_RUNPATH_SEARCH_PATHS = "$(inherited) @executable_path/Frameworks @loader_path/Frameworks";
				PRODUCT_BUNDLE_IDENTIFIER = com.gameabc.zq.TestRACTests;
				PRODUCT_NAME = "$(TARGET_NAME)";
				TEST_HOST = "$(BUILT_PRODUCTS_DIR)/TestRAC.app/TestRAC";
			};
			name = Debug;
		};
		D91F15D51DA6A02400B7926E /* Release */ = {
			isa = XCBuildConfiguration;
			buildSettings = {
				BUNDLE_LOADER = "$(TEST_HOST)";
				INFOPLIST_FILE = TestRACTests/Info.plist;
				LD_RUNPATH_SEARCH_PATHS = "$(inherited) @executable_path/Frameworks @loader_path/Frameworks";
				PRODUCT_BUNDLE_IDENTIFIER = com.gameabc.zq.TestRACTests;
				PRODUCT_NAME = "$(TARGET_NAME)";
				TEST_HOST = "$(BUILT_PRODUCTS_DIR)/TestRAC.app/TestRAC";
			};
			name = Release;
		};
		D91F15D71DA6A02400B7926E /* Debug */ = {
			isa = XCBuildConfiguration;
			buildSettings = {
				INFOPLIST_FILE = TestRACUITests/Info.plist;
				LD_RUNPATH_SEARCH_PATHS = "$(inherited) @executable_path/Frameworks @loader_path/Frameworks";
				PRODUCT_BUNDLE_IDENTIFIER = com.gameabc.zq.TestRACUITests;
				PRODUCT_NAME = "$(TARGET_NAME)";
				TEST_TARGET_NAME = TestRAC;
			};
			name = Debug;
		};
		D91F15D81DA6A02400B7926E /* Release */ = {
			isa = XCBuildConfiguration;
			buildSettings = {
				INFOPLIST_FILE = TestRACUITests/Info.plist;
				LD_RUNPATH_SEARCH_PATHS = "$(inherited) @executable_path/Frameworks @loader_path/Frameworks";
				PRODUCT_BUNDLE_IDENTIFIER = com.gameabc.zq.TestRACUITests;
				PRODUCT_NAME = "$(TARGET_NAME)";
				TEST_TARGET_NAME = TestRAC;
			};
			name = Release;
		};
/* End XCBuildConfiguration section */

/* Begin XCConfigurationList section */
		D91F159E1DA6A02400B7926E /* Build configuration list for PBXProject "TestRAC" */ = {
			isa = XCConfigurationList;
			buildConfigurations = (
				D91F15CE1DA6A02400B7926E /* Debug */,
				D91F15CF1DA6A02400B7926E /* Release */,
			);
			defaultConfigurationIsVisible = 0;
			defaultConfigurationName = Release;
		};
		D91F15D01DA6A02400B7926E /* Build configuration list for PBXNativeTarget "TestRAC" */ = {
			isa = XCConfigurationList;
			buildConfigurations = (
				D91F15D11DA6A02400B7926E /* Debug */,
				D91F15D21DA6A02400B7926E /* Release */,
			);
			defaultConfigurationIsVisible = 0;
			defaultConfigurationName = Release;
		};
		D91F15D31DA6A02400B7926E /* Build configuration list for PBXNativeTarget "TestRACTests" */ = {
			isa = XCConfigurationList;
			buildConfigurations = (
				D91F15D41DA6A02400B7926E /* Debug */,
				D91F15D51DA6A02400B7926E /* Release */,
			);
			defaultConfigurationIsVisible = 0;
			defaultConfigurationName = Release;
		};
		D91F15D61DA6A02400B7926E /* Build configuration list for PBXNativeTarget "TestRACUITests" */ = {
			isa = XCConfigurationList;
			buildConfigurations = (
				D91F15D71DA6A02400B7926E /* Debug */,
				D91F15D81DA6A02400B7926E /* Release */,
			);
			defaultConfigurationIsVisible = 0;
			defaultConfigurationName = Release;
		};
/* End XCConfigurationList section */
	};
	rootObject = D91F159B1DA6A02400B7926E /* Project object */;
}
